# Demonstrates a simple thermal block by uniformly heating 300 um of axon
{
    # temperature
    "axon_temperature" : { # °C
        "action" : "interpolate",
        "example_inputs" : [ 300, 300.00001, 600,   600.00001 ],
        "example_outputs" : [ 16,  54.8,      54.8,  16       ],
        "new_input" : "x"
    }
}

